// !$*UTF8*$!
{
	archiveVersion = 1;
	classes = {
	};
	objectVersion = 46;
	objects = {

/* Begin PBXBuildFile section */
		709F8D19B06911FC498B9EB5 /* Pods_pokedex_by_jp.framework in Frameworks */ = {isa = PBXBuildFile; fileRef = D6E4ACB21AC7B16137594B4F /* Pods_pokedex_by_jp.framework */; };
		FD2F97471E567CAF005A8A04 /* csv.swift in Sources */ = {isa = PBXBuildFile; fileRef = FD2F97461E567CAF005A8A04 /* csv.swift */; };
		FD5196B71E4C08F20050A25F /* AppDelegate.swift in Sources */ = {isa = PBXBuildFile; fileRef = FD5196B61E4C08F20050A25F /* AppDelegate.swift */; };
		FD5196B91E4C08F20050A25F /* ViewController.swift in Sources */ = {isa = PBXBuildFile; fileRef = FD5196B81E4C08F20050A25F /* ViewController.swift */; };
		FD5196BE1E4C08F20050A25F /* Assets.xcassets in Resources */ = {isa = PBXBuildFile; fileRef = FD5196BD1E4C08F20050A25F /* Assets.xcassets */; };
		FD5196C11E4C08F20050A25F /* LaunchScreen.storyboard in Resources */ = {isa = PBXBuildFile; fileRef = FD5196BF1E4C08F20050A25F /* LaunchScreen.storyboard */; };
		FD5196C91E4C126F0050A25F /* pokemon.csv in Resources */ = {isa = PBXBuildFile; fileRef = FD5196C81E4C126F0050A25F /* pokemon.csv */; };
		FD7689B41E57C479007FEBED /* Pokemon_Font.ttf in Resources */ = {isa = PBXBuildFile; fileRef = FD7689B31E57C479007FEBED /* Pokemon_Font.ttf */; };
		FD7C2EA01E4D3472004058C6 /* Pokemon.swift in Sources */ = {isa = PBXBuildFile; fileRef = FD7C2E9F1E4D3472004058C6 /* Pokemon.swift */; };
		FD7C2EA31E4D3FF1004058C6 /* PokeCell.swift in Sources */ = {isa = PBXBuildFile; fileRef = FD7C2EA21E4D3FF1004058C6 /* PokeCell.swift */; };
		FD91CB691E59FC0B0043BEDF /* Constants.swift in Sources */ = {isa = PBXBuildFile; fileRef = FD91CB681E59FC0B0043BEDF /* Constants.swift */; };
		FDDA7AA51E587BEA00B43B19 /* music.mp3 in Resources */ = {isa = PBXBuildFile; fileRef = FDDA7AA41E587BEA00B43B19 /* music.mp3 */; };
		FDDA7AA71E5922E100B43B19 /* PokemonDetailVC.swift in Sources */ = {isa = PBXBuildFile; fileRef = FDDA7AA61E5922E100B43B19 /* PokemonDetailVC.swift */; };
		FDDA7AA91E592C1200B43B19 /* Main.storyboard in Resources */ = {isa = PBXBuildFile; fileRef = FDDA7AA81E592C1200B43B19 /* Main.storyboard */; };
/* End PBXBuildFile section */

/* Begin PBXFileReference section */
		3C5A08335460BD21BE79751B /* Pods-pokedex-by-jp.release.xcconfig */ = {isa = PBXFileReference; includeInIndex = 1; lastKnownFileType = text.xcconfig; name = "Pods-pokedex-by-jp.release.xcconfig"; path = "Pods/Target Support Files/Pods-pokedex-by-jp/Pods-pokedex-by-jp.release.xcconfig"; sourceTree = "<group>"; };
		D6E4ACB21AC7B16137594B4F /* Pods_pokedex_by_jp.framework */ = {isa = PBXFileReference; explicitFileType = wrapper.framework; includeInIndex = 0; path = Pods_pokedex_by_jp.framework; sourceTree = BUILT_PRODUCTS_DIR; };
		D8337D81FC231475EB15BF51 /* Pods-pokedex-by-jp.debug.xcconfig */ = {isa = PBXFileReference; includeInIndex = 1; lastKnownFileType = text.xcconfig; name = "Pods-pokedex-by-jp.debug.xcconfig"; path = "Pods/Target Support Files/Pods-pokedex-by-jp/Pods-pokedex-by-jp.debug.xcconfig"; sourceTree = "<group>"; };
		FD2F97461E567CAF005A8A04 /* csv.swift */ = {isa = PBXFileReference; fileEncoding = 4; lastKnownFileType = sourcecode.swift; path = csv.swift; sourceTree = "<group>"; };
		FD5196B31E4C08F20050A25F /* pokedex-by-jp.app */ = {isa = PBXFileReference; explicitFileType = wrapper.application; includeInIndex = 0; path = "pokedex-by-jp.app"; sourceTree = BUILT_PRODUCTS_DIR; };
		FD5196B61E4C08F20050A25F /* AppDelegate.swift */ = {isa = PBXFileReference; lastKnownFileType = sourcecode.swift; path = AppDelegate.swift; sourceTree = "<group>"; };
		FD5196B81E4C08F20050A25F /* ViewController.swift */ = {isa = PBXFileReference; lastKnownFileType = sourcecode.swift; path = ViewController.swift; sourceTree = "<group>"; };
		FD5196BD1E4C08F20050A25F /* Assets.xcassets */ = {isa = PBXFileReference; lastKnownFileType = folder.assetcatalog; path = Assets.xcassets; sourceTree = "<group>"; };
		FD5196C01E4C08F20050A25F /* Base */ = {isa = PBXFileReference; lastKnownFileType = file.storyboard; name = Base; path = Base.lproj/LaunchScreen.storyboard; sourceTree = "<group>"; };
		FD5196C21E4C08F20050A25F /* Info.plist */ = {isa = PBXFileReference; lastKnownFileType = text.plist.xml; path = Info.plist; sourceTree = "<group>"; };
		FD5196C81E4C126F0050A25F /* pokemon.csv */ = {isa = PBXFileReference; fileEncoding = 4; lastKnownFileType = text; path = pokemon.csv; sourceTree = "<group>"; };
		FD7689B31E57C479007FEBED /* Pokemon_Font.ttf */ = {isa = PBXFileReference; lastKnownFileType = file; path = Pokemon_Font.ttf; sourceTree = "<group>"; };
		FD7C2E9F1E4D3472004058C6 /* Pokemon.swift */ = {isa = PBXFileReference; fileEncoding = 4; lastKnownFileType = sourcecode.swift; path = Pokemon.swift; sourceTree = "<group>"; };
		FD7C2EA21E4D3FF1004058C6 /* PokeCell.swift */ = {isa = PBXFileReference; fileEncoding = 4; lastKnownFileType = sourcecode.swift; path = PokeCell.swift; sourceTree = "<group>"; };
		FD91CB681E59FC0B0043BEDF /* Constants.swift */ = {isa = PBXFileReference; fileEncoding = 4; lastKnownFileType = sourcecode.swift; path = Constants.swift; sourceTree = "<group>"; };
		FDDA7AA41E587BEA00B43B19 /* music.mp3 */ = {isa = PBXFileReference; lastKnownFileType = audio.mp3; path = music.mp3; sourceTree = "<group>"; };
		FDDA7AA61E5922E100B43B19 /* PokemonDetailVC.swift */ = {isa = PBXFileReference; fileEncoding = 4; lastKnownFileType = sourcecode.swift; path = PokemonDetailVC.swift; sourceTree = "<group>"; };
		FDDA7AA81E592C1200B43B19 /* Main.storyboard */ = {isa = PBXFileReference; fileEncoding = 4; lastKnownFileType = file.storyboard; path = Main.storyboard; sourceTree = "<group>"; };
/* End PBXFileReference section */

/* Begin PBXFrameworksBuildPhase section */
		FD5196B01E4C08F20050A25F /* Frameworks */ = {
			isa = PBXFrameworksBuildPhase;
			buildActionMask = 2147483647;
			files = (
				709F8D19B06911FC498B9EB5 /* Pods_pokedex_by_jp.framework in Frameworks */,
			);
			runOnlyForDeploymentPostprocessing = 0;
		};
/* End PBXFrameworksBuildPhase section */

/* Begin PBXGroup section */
		05EE274840F364D896A50934 /* Pods */ = {
			isa = PBXGroup;
			children = (
				D8337D81FC231475EB15BF51 /* Pods-pokedex-by-jp.debug.xcconfig */,
				3C5A08335460BD21BE79751B /* Pods-pokedex-by-jp.release.xcconfig */,
			);
			name = Pods;
			sourceTree = "<group>";
		};
		7C588943B3C0A269EB927512 /* Frameworks */ = {
			isa = PBXGroup;
			children = (
				D6E4ACB21AC7B16137594B4F /* Pods_pokedex_by_jp.framework */,
			);
			name = Frameworks;
			sourceTree = "<group>";
		};
		FD2F97481E567CF8005A8A04 /* Controller */ = {
			isa = PBXGroup;
			children = (
				FD5196B81E4C08F20050A25F /* ViewController.swift */,
				FDDA7AA61E5922E100B43B19 /* PokemonDetailVC.swift */,
			);
			name = Controller;
			sourceTree = "<group>";
		};
		FD2F97491E567D02005A8A04 /* Util */ = {
			isa = PBXGroup;
			children = (
				FD2F97461E567CAF005A8A04 /* csv.swift */,
				FD91CB681E59FC0B0043BEDF /* Constants.swift */,
			);
			name = Util;
			sourceTree = "<group>";
		};
		FD2F974A1E5684ED005A8A04 /* Resources */ = {
			isa = PBXGroup;
			children = (
				FD5196C81E4C126F0050A25F /* pokemon.csv */,
				FD7689B31E57C479007FEBED /* Pokemon_Font.ttf */,
				FDDA7AA41E587BEA00B43B19 /* music.mp3 */,
			);
			name = Resources;
			sourceTree = "<group>";
		};
		FD5196AA1E4C08F20050A25F = {
			isa = PBXGroup;
			children = (
				FD5196B51E4C08F20050A25F /* pokedex-by-jp */,
				FD5196B41E4C08F20050A25F /* Products */,
				05EE274840F364D896A50934 /* Pods */,
				7C588943B3C0A269EB927512 /* Frameworks */,
			);
			sourceTree = "<group>";
		};
		FD5196B41E4C08F20050A25F /* Products */ = {
			isa = PBXGroup;
			children = (
				FD5196B31E4C08F20050A25F /* pokedex-by-jp.app */,
			);
			name = Products;
			sourceTree = "<group>";
		};
		FD5196B51E4C08F20050A25F /* pokedex-by-jp */ = {
			isa = PBXGroup;
			children = (
				FD2F974A1E5684ED005A8A04 /* Resources */,
				FD2F97491E567D02005A8A04 /* Util */,
				FD2F97481E567CF8005A8A04 /* Controller */,
				FD7C2EA11E4D3FDA004058C6 /* View */,
				FD7C2E9E1E4D344F004058C6 /* Model */,
				FD5196B61E4C08F20050A25F /* AppDelegate.swift */,
				FD5196BD1E4C08F20050A25F /* Assets.xcassets */,
				FDDA7AA81E592C1200B43B19 /* Main.storyboard */,
				FD5196BF1E4C08F20050A25F /* LaunchScreen.storyboard */,
				FD5196C21E4C08F20050A25F /* Info.plist */,
			);
			path = "pokedex-by-jp";
			sourceTree = "<group>";
		};
		FD7C2E9E1E4D344F004058C6 /* Model */ = {
			isa = PBXGroup;
			children = (
				FD7C2E9F1E4D3472004058C6 /* Pokemon.swift */,
			);
			name = Model;
			sourceTree = "<group>";
		};
		FD7C2EA11E4D3FDA004058C6 /* View */ = {
			isa = PBXGroup;
			children = (
				FD7C2EA21E4D3FF1004058C6 /* PokeCell.swift */,
			);
			name = View;
			sourceTree = "<group>";
		};
/* End PBXGroup section */

/* Begin PBXNativeTarget section */
		FD5196B21E4C08F20050A25F /* pokedex-by-jp */ = {
			isa = PBXNativeTarget;
			buildConfigurationList = FD5196C51E4C08F20050A25F /* Build configuration list for PBXNativeTarget "pokedex-by-jp" */;
			buildPhases = (
				635A3091AF2BBF21B9CC4297 /* [CP] Check Pods Manifest.lock */,
				FD5196AF1E4C08F20050A25F /* Sources */,
				FD5196B01E4C08F20050A25F /* Frameworks */,
				FD5196B11E4C08F20050A25F /* Resources */,
				3AB405139163FFB296F36326 /* [CP] Embed Pods Frameworks */,
				657E45C06365DFBA9B78BDD1 /* [CP] Copy Pods Resources */,
			);
			buildRules = (
			);
			dependencies = (
			);
			name = "pokedex-by-jp";
			productName = "pokedex-by-jp";
			productReference = FD5196B31E4C08F20050A25F /* pokedex-by-jp.app */;
			productType = "com.apple.product-type.application";
		};
/* End PBXNativeTarget section */

/* Begin PBXProject section */
		FD5196AB1E4C08F20050A25F /* Project object */ = {
			isa = PBXProject;
			attributes = {
				LastSwiftUpdateCheck = 0820;
				LastUpgradeCheck = 0820;
				ORGANIZATIONNAME = "JuanPa Villa";
				TargetAttributes = {
					FD5196B21E4C08F20050A25F = {
						CreatedOnToolsVersion = 8.2.1;
						DevelopmentTeam = L989NBC27U;
						ProvisioningStyle = Automatic;
					};
				};
			};
			buildConfigurationList = FD5196AE1E4C08F20050A25F /* Build configuration list for PBXProject "pokedex-by-jp" */;
			compatibilityVersion = "Xcode 3.2";
			developmentRegion = English;
			hasScannedForEncodings = 0;
			knownRegions = (
				en,
				Base,
			);
			mainGroup = FD5196AA1E4C08F20050A25F;
			productRefGroup = FD5196B41E4C08F20050A25F /* Products */;
			projectDirPath = "";
			projectRoot = "";
			targets = (
				FD5196B21E4C08F20050A25F /* pokedex-by-jp */,
			);
		};
/* End PBXProject section */

/* Begin PBXResourcesBuildPhase section */
		FD5196B11E4C08F20050A25F /* Resources */ = {
			isa = PBXResourcesBuildPhase;
			buildActionMask = 2147483647;
			files = (
				FD7689B41E57C479007FEBED /* Pokemon_Font.ttf in Resources */,
				FD5196C11E4C08F20050A25F /* LaunchScreen.storyboard in Resources */,
				FDDA7AA51E587BEA00B43B19 /* music.mp3 in Resources */,
				FDDA7AA91E592C1200B43B19 /* Main.storyboard in Resources */,
				FD5196BE1E4C08F20050A25F /* Assets.xcassets in Resources */,
				FD5196C91E4C126F0050A25F /* pokemon.csv in Resources */,
			);
			runOnlyForDeploymentPostprocessing = 0;
		};
/* End PBXResourcesBuildPhase section */

/* Begin PBXShellScriptBuildPhase section */
		3AB405139163FFB296F36326 /* [CP] Embed Pods Frameworks */ = {
			isa = PBXShellScriptBuildPhase;
			buildActionMask = 2147483647;
			files = (
			);
			inputPaths = (
			);
			name = "[CP] Embed Pods Frameworks";
			outputPaths = (
			);
			runOnlyForDeploymentPostprocessing = 0;
			shellPath = /bin/sh;
			shellScript = "\"${SRCROOT}/Pods/Target Support Files/Pods-pokedex-by-jp/Pods-pokedex-by-jp-frameworks.sh\"\n";
			showEnvVarsInLog = 0;
		};
		635A3091AF2BBF21B9CC4297 /* [CP] Check Pods Manifest.lock */ = {
			isa = PBXShellScriptBuildPhase;
			buildActionMask = 2147483647;
			files = (
			);
			inputPaths = (
			);
			name = "[CP] Check Pods Manifest.lock";
			outputPaths = (
			);
			runOnlyForDeploymentPostprocessing = 0;
			shellPath = /bin/sh;
			shellScript = "diff \"${PODS_ROOT}/../Podfile.lock\" \"${PODS_ROOT}/Manifest.lock\" > /dev/null\nif [ $? != 0 ] ; then\n    # print error to STDERR\n    echo \"error: The sandbox is not in sync with the Podfile.lock. Run 'pod install' or update your CocoaPods installation.\" >&2\n    exit 1\nfi\n";
			showEnvVarsInLog = 0;
		};
		657E45C06365DFBA9B78BDD1 /* [CP] Copy Pods Resources */ = {
			isa = PBXShellScriptBuildPhase;
			buildActionMask = 2147483647;
			files = (
			);
			inputPaths = (
			);
			name = "[CP] Copy Pods Resources";
			outputPaths = (
			);
			runOnlyForDeploymentPostprocessing = 0;
			shellPath = /bin/sh;
			shellScript = "\"${SRCROOT}/Pods/Target Support Files/Pods-pokedex-by-jp/Pods-pokedex-by-jp-resources.sh\"\n";
			showEnvVarsInLog = 0;
		};
/* End PBXShellScriptBuildPhase section */

/* Begin PBXSourcesBuildPhase section */
		FD5196AF1E4C08F20050A25F /* Sources */ = {
			isa = PBXSourcesBuildPhase;
			buildActionMask = 2147483647;
			files = (
				FD7C2EA31E4D3FF1004058C6 /* PokeCell.swift in Sources */,
				FD5196B91E4C08F20050A25F /* ViewController.swift in Sources */,
				FD5196B71E4C08F20050A25F /* AppDelegate.swift in Sources */,
				FDDA7AA71E5922E100B43B19 /* PokemonDetailVC.swift in Sources */,
				FD91CB691E59FC0B0043BEDF /* Constants.swift in Sources */,
				FD7C2EA01E4D3472004058C6 /* Pokemon.swift in Sources */,
				FD2F97471E567CAF005A8A04 /* csv.swift in Sources */,
			);
			runOnlyForDeploymentPostprocessing = 0;
		};
/* End PBXSourcesBuildPhase section */

/* Begin PBXVariantGroup section */
		FD5196BF1E4C08F20050A25F /* LaunchScreen.storyboard */ = {
			isa = PBXVariantGroup;
			children = (
				FD5196C01E4C08F20050A25F /* Base */,
			);
			name = LaunchScreen.storyboard;
			sourceTree = "<group>";
		};
/* End PBXVariantGroup section */

/* Begin XCBuildConfiguration section */
		FD5196C31E4C08F20050A25F /* Debug */ = {
			isa = XCBuildConfiguration;
			buildSettings = {
				ALWAYS_SEARCH_USER_PATHS = NO;
				CLANG_ANALYZER_NONNULL = YES;
				CLANG_CXX_LANGUAGE_STANDARD = "gnu++0x";
				CLANG_CXX_LIBRARY = "libc++";
				CLANG_ENABLE_MODULES = YES;
				CLANG_ENABLE_OBJC_ARC = YES;
				CLANG_WARN_BOOL_CONVERSION = YES;
				CLANG_WARN_CONSTANT_CONVERSION = YES;
				CLANG_WARN_DIRECT_OBJC_ISA_USAGE = YES_ERROR;
				CLANG_WARN_DOCUMENTATION_COMMENTS = YES;
				CLANG_WARN_EMPTY_BODY = YES;
				CLANG_WARN_ENUM_CONVERSION = YES;
				CLANG_WARN_INFINITE_RECURSION = YES;
				CLANG_WARN_INT_CONVERSION = YES;
				CLANG_WARN_OBJC_ROOT_CLASS = YES_ERROR;
				CLANG_WARN_SUSPICIOUS_MOVE = YES;
				CLANG_WARN_UNREACHABLE_CODE = YES;
				CLANG_WARN__DUPLICATE_METHOD_MATCH = YES;
				"CODE_SIGN_IDENTITY[sdk=iphoneos*]" = "iPhone Developer";
				COPY_PHASE_STRIP = NO;
				DEBUG_INFORMATION_FORMAT = dwarf;
				ENABLE_STRICT_OBJC_MSGSEND = YES;
				ENABLE_TESTABILITY = YES;
				GCC_C_LANGUAGE_STANDARD = gnu99;
				GCC_DYNAMIC_NO_PIC = NO;
				GCC_NO_COMMON_BLOCKS = YES;
				GCC_OPTIMIZATION_LEVEL = 0;
				GCC_PREPROCESSOR_DEFINITIONS = (
					"DEBUG=1",
					"$(inherited)",
				);
				GCC_WARN_64_TO_32_BIT_CONVERSION = YES;
				GCC_WARN_ABOUT_RETURN_TYPE = YES_ERROR;
				GCC_WARN_UNDECLARED_SELECTOR = YES;
				GCC_WARN_UNINITIALIZED_AUTOS = YES_AGGRESSIVE;
				GCC_WARN_UNUSED_FUNCTION = YES;
				GCC_WARN_UNUSED_VARIABLE = YES;
				IPHONEOS_DEPLOYMENT_TARGET = 10.2;
				MTL_ENABLE_DEBUG_INFO = YES;
				ONLY_ACTIVE_ARCH = YES;
				SDKROOT = iphoneos;
				SWIFT_ACTIVE_COMPILATION_CONDITIONS = DEBUG;
				SWIFT_OPTIMIZATION_LEVEL = "-Onone";
				TARGETED_DEVICE_FAMILY = "1,2";
			};
			name = Debug;
		};
		FD5196C41E4C08F20050A25F /* Release */ = {
			isa = XCBuildConfiguration;
			buildSettings = {
				ALWAYS_SEARCH_USER_PATHS = NO;
				CLANG_ANALYZER_NONNULL = YES;
				CLANG_CXX_LANGUAGE_STANDARD = "gnu++0x";
				CLANG_CXX_LIBRARY = "libc++";
				CLANG_ENABLE_MODULES = YES;
				CLANG_ENABLE_OBJC_ARC = YES;
				CLANG_WARN_BOOL_CONVERSION = YES;
				CLANG_WARN_CONSTANT_CONVERSION = YES;
				CLANG_WARN_DIRECT_OBJC_ISA_USAGE = YES_ERROR;
				CLANG_WARN_DOCUMENTATION_COMMENTS = YES;
				CLANG_WARN_EMPTY_BODY = YES;
				CLANG_WARN_ENUM_CONVERSION = YES;
				CLANG_WARN_INFINITE_RECURSION = YES;
				CLANG_WARN_INT_CONVERSION = YES;
				CLANG_WARN_OBJC_ROOT_CLASS = YES_ERROR;
				CLANG_WARN_SUSPICIOUS_MOVE = YES;
				CLANG_WARN_UNREACHABLE_CODE = YES;
				CLANG_WARN__DUPLICATE_METHOD_MATCH = YES;
				"CODE_SIGN_IDENTITY[sdk=iphoneos*]" = "iPhone Developer";
				COPY_PHASE_STRIP = NO;
				DEBUG_INFORMATION_FORMAT = "dwarf-with-dsym";
				ENABLE_NS_ASSERTIONS = NO;
				ENABLE_STRICT_OBJC_MSGSEND = YES;
				GCC_C_LANGUAGE_STANDARD = gnu99;
				GCC_NO_COMMON_BLOCKS = YES;
				GCC_WARN_64_TO_32_BIT_CONVERSION = YES;
				GCC_WARN_ABOUT_RETURN_TYPE = YES_ERROR;
				GCC_WARN_UNDECLARED_SELECTOR = YES;
				GCC_WARN_UNINITIALIZED_AUTOS = YES_AGGRESSIVE;
				GCC_WARN_UNUSED_FUNCTION = YES;
				GCC_WARN_UNUSED_VARIABLE = YES;
				IPHONEOS_DEPLOYMENT_TARGET = 10.2;
				MTL_ENABLE_DEBUG_INFO = NO;
				SDKROOT = iphoneos;
				SWIFT_OPTIMIZATION_LEVEL = "-Owholemodule";
				TARGETED_DEVICE_FAMILY = "1,2";
				VALIDATE_PRODUCT = YES;
			};
			name = Release;
		};
		FD5196C61E4C08F20050A25F /* Debug */ = {
			isa = XCBuildConfiguration;
			baseConfigurationReference = D8337D81FC231475EB15BF51 /* Pods-pokedex-by-jp.debug.xcconfig */;
			buildSettings = {
				ASSETCATALOG_COMPILER_APPICON_NAME = AppIcon;
				DEVELOPMENT_TEAM = L989NBC27U;
				INFOPLIST_FILE = "pokedex-by-jp/Info.plist";
				LD_RUNPATH_SEARCH_PATHS = "$(inherited) @executable_path/Frameworks";
				PRODUCT_BUNDLE_IDENTIFIER = "com.jptestings.pokedex-by-jp";
				PRODUCT_NAME = "$(TARGET_NAME)";
				SWIFT_VERSION = 3.0;
			};
			name = Debug;
		};
		FD5196C71E4C08F20050A25F /* Release */ = {
			isa = XCBuildConfiguration;
			baseConfigurationReference = 3C5A08335460BD21BE79751B /* Pods-pokedex-by-jp.release.xcconfig */;
			buildSettings = {
				ASSETCATALOG_COMPILER_APPICON_NAME = AppIcon;
				DEVELOPMENT_TEAM = L989NBC27U;
				INFOPLIST_FILE = "pokedex-by-jp/Info.plist";
				LD_RUNPATH_SEARCH_PATHS = "$(inherited) @executable_path/Frameworks";
				PRODUCT_BUNDLE_IDENTIFIER = "com.jptestings.pokedex-by-jp";
				PRODUCT_NAME = "$(TARGET_NAME)";
				SWIFT_VERSION = 3.0;
			};
			name = Release;
		};
/* End XCBuildConfiguration section */

/* Begin XCConfigurationList section */
		FD5196AE1E4C08F20050A25F /* Build configuration list for PBXProject "pokedex-by-jp" */ = {
			isa = XCConfigurationList;
			buildConfigurations = (
				FD5196C31E4C08F20050A25F /* Debug */,
				FD5196C41E4C08F20050A25F /* Release */,
			);
			defaultConfigurationIsVisible = 0;
			defaultConfigurationName = Release;
		};
		FD5196C51E4C08F20050A25F /* Build configuration list for PBXNativeTarget "pokedex-by-jp" */ = {
			isa = XCConfigurationList;
			buildConfigurations = (
				FD5196C61E4C08F20050A25F /* Debug */,
				FD5196C71E4C08F20050A25F /* Release */,
			);
			defaultConfigurationIsVisible = 0;
			defaultConfigurationName = Release;
		};
/* End XCConfigurationList section */
	};
	rootObject = FD5196AB1E4C08F20050A25F /* Project object */;
}
